
Microsoft Visual Studio Solution File, Format Version 12.00
# Visual Studio Version 16
VisualStudioVersion = 16.0.30114.105
MinimumVisualStudioVersion = 10.0.40219.1
Project("{2150E333-8FDC-42A3-9474-1A3956D46DE8}") = "src", "src", "{28F09DB8-E6AB-4B27-8F43-49221F6CF2BD}"
EndProject
Project("{FAE04EC0-301F-11D3-BF4B-00C04F79EFBC}") = "Tansu.Api", "src\Tansu.Api\Tansu.Api.csproj", "{C76DB9E8-2D59-4757-8E65-E6DA17B92255}"
EndProject
Global
	GlobalSection(SolutionConfigurationPlatforms) = preSolution
		Debug|Any CPU = Debug|Any CPU
		Release|Any CPU = Release|Any CPU
	EndGlobalSection
	GlobalSection(SolutionProperties) = preSolution
		HideSolutionNode = FALSE
	EndGlobalSection
	GlobalSection(ProjectConfigurationPlatforms) = postSolution
		{C76DB9E8-2D59-4757-8E65-E6DA17B92255}.Debug|Any CPU.ActiveCfg = Debug|Any CPU
		{C76DB9E8-2D59-4757-8E65-E6DA17B92255}.Debug|Any CPU.Build.0 = Debug|Any CPU
		{C76DB9E8-2D59-4757-8E65-E6DA17B92255}.Release|Any CPU.ActiveCfg = Release|Any CPU
		{C76DB9E8-2D59-4757-8E65-E6DA17B92255}.Release|Any CPU.Build.0 = Release|Any CPU
	EndGlobalSection
	GlobalSection(NestedProjects) = preSolution
		{C76DB9E8-2D59-4757-8E65-E6DA17B92255} = {28F09DB8-E6AB-4B27-8F43-49221F6CF2BD}
	EndGlobalSection
EndGlobal
